// !$*UTF8*$!
{
	archiveVersion = 1;
	classes = {
	};
	objectVersion = 56;
	objects = {

/* Begin PBXBuildFile section */
		CE23E2EA2E3C4A7000C23C4B /* IsaiasApp.swift in Sources */ = {isa = PBXBuildFile; fileRef = CE23E2E92E3C4A7000C23C4B /* IsaiasApp.swift */; };
		CE23E2EC2E3C4A7000C23C4B /* ContentView.swift in Sources */ = {isa = PBXBuildFile; fileRef = CE23E2EB2E3C4A7000C23C4B /* ContentView.swift */; };
		CE23E2EE2E3C4A7600C23C4B /* Assets.xcassets in Resources */ = {isa = PBXBuildFile; fileRef = CE23E2ED2E3C4A7600C23C4B /* Assets.xcassets */; };
		CE23E2F12E3C4A7600C23C4B /* Preview Assets.xcassets in Resources */ = {isa = PBXBuildFile; fileRef = CE23E2F02E3C4A7600C23C4B /* Preview Assets.xcassets */; };
		CE23E2F92E3E785100C23C4B /* User.swift in Sources */ = {isa = PBXBuildFile; fileRef = CE23E2F82E3E785100C23C4B /* User.swift */; };
		CE23E2FD2E3E7B4600C23C4B /* LoginViewModel.swift in Sources */ = {isa = PBXBuildFile; fileRef = CE23E2FC2E3E7B4600C23C4B /* LoginViewModel.swift */; };
		CE23E2FF2E3E7B6E00C23C4B /* SessionViewModel.swift in Sources */ = {isa = PBXBuildFile; fileRef = CE23E2FE2E3E7B6E00C23C4B /* SessionViewModel.swift */; };
		CE23E3012E3E7B8F00C23C4B /* LoginView.swift in Sources */ = {isa = PBXBuildFile; fileRef = CE23E3002E3E7B8F00C23C4B /* LoginView.swift */; };
		CE23E3032E3E7BA800C23C4B /* DashboardView.swift in Sources */ = {isa = PBXBuildFile; fileRef = CE23E3022E3E7BA800C23C4B /* DashboardView.swift */; };
		CE23E3052E3E7C4200C23C4B /* ProfileView.swift in Sources */ = {isa = PBXBuildFile; fileRef = CE23E3042E3E7C4200C23C4B /* ProfileView.swift */; };
		CE23E3072E3E7C6200C23C4B /* SettingsView.swift in Sources */ = {isa = PBXBuildFile; fileRef = CE23E3062E3E7C6200C23C4B /* SettingsView.swift */; };
		CE23E30A2E3E7D8500C23C4B /* AuthService.swift in Sources */ = {isa = PBXBuildFile; fileRef = CE23E3092E3E7D8500C23C4B /* AuthService.swift */; };
/* End PBXBuildFile section */

/* Begin PBXFileReference section */
		CE23E2E62E3C4A7000C23C4B /* Isaias.app */ = {isa = PBXFileReference; explicitFileType = wrapper.application; includeInIndex = 0; path = Isaias.app; sourceTree = BUILT_PRODUCTS_DIR; };
		CE23E2E92E3C4A7000C23C4B /* IsaiasApp.swift */ = {isa = PBXFileReference; lastKnownFileType = sourcecode.swift; path = IsaiasApp.swift; sourceTree = "<group>"; };
		CE23E2EB2E3C4A7000C23C4B /* ContentView.swift */ = {isa = PBXFileReference; lastKnownFileType = sourcecode.swift; path = ContentView.swift; sourceTree = "<group>"; };
		CE23E2ED2E3C4A7600C23C4B /* Assets.xcassets */ = {isa = PBXFileReference; lastKnownFileType = folder.assetcatalog; path = Assets.xcassets; sourceTree = "<group>"; };
		CE23E2F02E3C4A7600C23C4B /* Preview Assets.xcassets */ = {isa = PBXFileReference; lastKnownFileType = folder.assetcatalog; path = "Preview Assets.xcassets"; sourceTree = "<group>"; };
		CE23E2F82E3E785100C23C4B /* User.swift */ = {isa = PBXFileReference; lastKnownFileType = sourcecode.swift; path = User.swift; sourceTree = "<group>"; };
		CE23E2FC2E3E7B4600C23C4B /* LoginViewModel.swift */ = {isa = PBXFileReference; lastKnownFileType = sourcecode.swift; path = LoginViewModel.swift; sourceTree = "<group>"; };
		CE23E2FE2E3E7B6E00C23C4B /* SessionViewModel.swift */ = {isa = PBXFileReference; lastKnownFileType = sourcecode.swift; path = SessionViewModel.swift; sourceTree = "<group>"; };
		CE23E3002E3E7B8F00C23C4B /* LoginView.swift */ = {isa = PBXFileReference; lastKnownFileType = sourcecode.swift; path = LoginView.swift; sourceTree = "<group>"; };
		CE23E3022E3E7BA800C23C4B /* DashboardView.swift */ = {isa = PBXFileReference; lastKnownFileType = sourcecode.swift; path = DashboardView.swift; sourceTree = "<group>"; };
		CE23E3042E3E7C4200C23C4B /* ProfileView.swift */ = {isa = PBXFileReference; lastKnownFileType = sourcecode.swift; path = ProfileView.swift; sourceTree = "<group>"; };
		CE23E3062E3E7C6200C23C4B /* SettingsView.swift */ = {isa = PBXFileReference; lastKnownFileType = sourcecode.swift; path = SettingsView.swift; sourceTree = "<group>"; };
		CE23E3092E3E7D8500C23C4B /* AuthService.swift */ = {isa = PBXFileReference; lastKnownFileType = sourcecode.swift; path = AuthService.swift; sourceTree = "<group>"; };
/* End PBXFileReference section */

/* Begin PBXFrameworksBuildPhase section */
		CE23E2E32E3C4A6F00C23C4B /* Frameworks */ = {
			isa = PBXFrameworksBuildPhase;
			buildActionMask = 2147483647;
			files = (
			);
			runOnlyForDeploymentPostprocessing = 0;
		};
/* End PBXFrameworksBuildPhase section */

/* Begin PBXGroup section */
		CE23E2DD2E3C4A6F00C23C4B = {
			isa = PBXGroup;
			children = (
				CE23E2E82E3C4A7000C23C4B /* Isaias */,
				CE23E2E72E3C4A7000C23C4B /* Products */,
			);
			sourceTree = "<group>";
		};
		CE23E2E72E3C4A7000C23C4B /* Products */ = {
			isa = PBXGroup;
			children = (
				CE23E2E62E3C4A7000C23C4B /* Isaias.app */,
			);
			name = Products;
			sourceTree = "<group>";
		};
		CE23E2E82E3C4A7000C23C4B /* Isaias */ = {
			isa = PBXGroup;
			children = (
				CE23E3082E3E7D5C00C23C4B /* Services */,
				CE23E2F72E3E781600C23C4B /* Models */,
				CE23E2FA2E3E7AF500C23C4B /* ViewModels */,
				CE23E2FB2E3E7B1D00C23C4B /* Views */,
				CE23E2E92E3C4A7000C23C4B /* IsaiasApp.swift */,
				CE23E2EB2E3C4A7000C23C4B /* ContentView.swift */,
				CE23E2ED2E3C4A7600C23C4B /* Assets.xcassets */,
				CE23E2EF2E3C4A7600C23C4B /* Preview Content */,
			);
			path = Isaias;
			sourceTree = "<group>";
		};
		CE23E2EF2E3C4A7600C23C4B /* Preview Content */ = {
			isa = PBXGroup;
			children = (
				CE23E2F02E3C4A7600C23C4B /* Preview Assets.xcassets */,
			);
			path = "Preview Content";
			sourceTree = "<group>";
		};
		CE23E2F72E3E781600C23C4B /* Models */ = {
			isa = PBXGroup;
			children = (
				CE23E2F82E3E785100C23C4B /* User.swift */,
			);
			path = Models;
			sourceTree = "<group>";
		};
		CE23E2FA2E3E7AF500C23C4B /* ViewModels */ = {
			isa = PBXGroup;
			children = (
				CE23E2FC2E3E7B4600C23C4B /* LoginViewModel.swift */,
				CE23E2FE2E3E7B6E00C23C4B /* SessionViewModel.swift */,
			);
			path = ViewModels;
			sourceTree = "<group>";
		};
		CE23E2FB2E3E7B1D00C23C4B /* Views */ = {
			isa = PBXGroup;
			children = (
				CE23E3002E3E7B8F00C23C4B /* LoginView.swift */,
				CE23E3022E3E7BA800C23C4B /* DashboardView.swift */,
				CE23E3042E3E7C4200C23C4B /* ProfileView.swift */,
				CE23E3062E3E7C6200C23C4B /* SettingsView.swift */,
			);
			path = Views;
			sourceTree = "<group>";
		};
		CE23E3082E3E7D5C00C23C4B /* Services */ = {
			isa = PBXGroup;
			children = (
				CE23E3092E3E7D8500C23C4B /* AuthService.swift */,
			);
			path = Services;
			sourceTree = "<group>";
		};
/* End PBXGroup section */

/* Begin PBXNativeTarget section */
		CE23E2E52E3C4A6F00C23C4B /* Isaias */ = {
			isa = PBXNativeTarget;
			buildConfigurationList = CE23E2F42E3C4A7600C23C4B /* Build configuration list for PBXNativeTarget "Isaias" */;
			buildPhases = (
				CE23E2E22E3C4A6F00C23C4B /* Sources */,
				CE23E2E32E3C4A6F00C23C4B /* Frameworks */,
				CE23E2E42E3C4A6F00C23C4B /* Resources */,
			);
			buildRules = (
			);
			dependencies = (
			);
			name = Isaias;
			productName = Isaias;
			productReference = CE23E2E62E3C4A7000C23C4B /* Isaias.app */;
			productType = "com.apple.product-type.application";
		};
/* End PBXNativeTarget section */

/* Begin PBXProject section */
		CE23E2DE2E3C4A6F00C23C4B /* Project object */ = {
			isa = PBXProject;
			attributes = {
				BuildIndependentTargetsInParallel = 1;
				LastSwiftUpdateCheck = 1520;
				LastUpgradeCheck = 1520;
				TargetAttributes = {
					CE23E2E52E3C4A6F00C23C4B = {
						CreatedOnToolsVersion = 15.2;
					};
				};
			};
			buildConfigurationList = CE23E2E12E3C4A6F00C23C4B /* Build configuration list for PBXProject "Isaias" */;
			compatibilityVersion = "Xcode 14.0";
			developmentRegion = en;
			hasScannedForEncodings = 0;
			knownRegions = (
				en,
				Base,
			);
			mainGroup = CE23E2DD2E3C4A6F00C23C4B;
			productRefGroup = CE23E2E72E3C4A7000C23C4B /* Products */;
			projectDirPath = "";
			projectRoot = "";
			targets = (
				CE23E2E52E3C4A6F00C23C4B /* Isaias */,
			);
		};
/* End PBXProject section */

/* Begin PBXResourcesBuildPhase section */
		CE23E2E42E3C4A6F00C23C4B /* Resources */ = {
			isa = PBXResourcesBuildPhase;
			buildActionMask = 2147483647;
			files = (
				CE23E2F12E3C4A7600C23C4B /* Preview Assets.xcassets in Resources */,
				CE23E2EE2E3C4A7600C23C4B /* Assets.xcassets in Resources */,
			);
			runOnlyForDeploymentPostprocessing = 0;
		};
/* End PBXResourcesBuildPhase section */

/* Begin PBXSourcesBuildPhase section */
		CE23E2E22E3C4A6F00C23C4B /* Sources */ = {
			isa = PBXSourcesBuildPhase;
			buildActionMask = 2147483647;
			files = (
				CE23E3052E3E7C4200C23C4B /* ProfileView.swift in Sources */,
				CE23E3012E3E7B8F00C23C4B /* LoginView.swift in Sources */,
				CE23E2FD2E3E7B4600C23C4B /* LoginViewModel.swift in Sources */,
				CE23E3072E3E7C6200C23C4B /* SettingsView.swift in Sources */,
				CE23E2FF2E3E7B6E00C23C4B /* SessionViewModel.swift in Sources */,
				CE23E3032E3E7BA800C23C4B /* DashboardView.swift in Sources */,
				CE23E2EC2E3C4A7000C23C4B /* ContentView.swift in Sources */,
				CE23E30A2E3E7D8500C23C4B /* AuthService.swift in Sources */,
				CE23E2EA2E3C4A7000C23C4B /* IsaiasApp.swift in Sources */,
				CE23E2F92E3E785100C23C4B /* User.swift in Sources */,
			);
			runOnlyForDeploymentPostprocessing = 0;
		};
/* End PBXSourcesBuildPhase section */

/* Begin XCBuildConfiguration section */
		CE23E2F22E3C4A7600C23C4B /* Debug */ = {
			isa = XCBuildConfiguration;
			buildSettings = {
				ALWAYS_SEARCH_USER_PATHS = NO;
				ASSETCATALOG_COMPILER_GENERATE_SWIFT_ASSET_SYMBOL_EXTENSIONS = YES;
				CLANG_ANALYZER_NONNULL = YES;
				CLANG_ANALYZER_NUMBER_OBJECT_CONVERSION = YES_AGGRESSIVE;
				CLANG_CXX_LANGUAGE_STANDARD = "gnu++20";
				CLANG_ENABLE_MODULES = YES;
				CLANG_ENABLE_OBJC_ARC = YES;
				CLANG_ENABLE_OBJC_WEAK = YES;
				CLANG_WARN_BLOCK_CAPTURE_AUTORELEASING = YES;
				CLANG_WARN_BOOL_CONVERSION = YES;
				CLANG_WARN_COMMA = YES;
				CLANG_WARN_CONSTANT_CONVERSION = YES;
				CLANG_WARN_DEPRECATED_OBJC_IMPLEMENTATIONS = YES;
				CLANG_WARN_DIRECT_OBJC_ISA_USAGE = YES_ERROR;
				CLANG_WARN_DOCUMENTATION_COMMENTS = YES;
				CLANG_WARN_EMPTY_BODY = YES;
				CLANG_WARN_ENUM_CONVERSION = YES;
				CLANG_WARN_INFINITE_RECURSION = YES;
				CLANG_WARN_INT_CONVERSION = YES;
				CLANG_WARN_NON_LITERAL_NULL_CONVERSION = YES;
				CLANG_WARN_OBJC_IMPLICIT_RETAIN_SELF = YES;
				CLANG_WARN_OBJC_LITERAL_CONVERSION = YES;
				CLANG_WARN_OBJC_ROOT_CLASS = YES_ERROR;
				CLANG_WARN_QUOTED_INCLUDE_IN_FRAMEWORK_HEADER = YES;
				CLANG_WARN_RANGE_LOOP_ANALYSIS = YES;
				CLANG_WARN_STRICT_PROTOTYPES = YES;
				CLANG_WARN_SUSPICIOUS_MOVE = YES;
				CLANG_WARN_UNGUARDED_AVAILABILITY = YES_AGGRESSIVE;
				CLANG_WARN_UNREACHABLE_CODE = YES;
				CLANG_WARN__DUPLICATE_METHOD_MATCH = YES;
				COPY_PHASE_STRIP = NO;
				DEBUG_INFORMATION_FORMAT = dwarf;
				ENABLE_STRICT_OBJC_MSGSEND = YES;
				ENABLE_TESTABILITY = YES;
				ENABLE_USER_SCRIPT_SANDBOXING = YES;
				GCC_C_LANGUAGE_STANDARD = gnu17;
				GCC_DYNAMIC_NO_PIC = NO;
				GCC_NO_COMMON_BLOCKS = YES;
				GCC_OPTIMIZATION_LEVEL = 0;
				GCC_PREPROCESSOR_DEFINITIONS = (
					"DEBUG=1",
					"$(inherited)",
				);
				GCC_WARN_64_TO_32_BIT_CONVERSION = YES;
				GCC_WARN_ABOUT_RETURN_TYPE = YES_ERROR;
				GCC_WARN_UNDECLARED_SELECTOR = YES;
				GCC_WARN_UNINITIALIZED_AUTOS = YES_AGGRESSIVE;
				GCC_WARN_UNUSED_FUNCTION = YES;
				GCC_WARN_UNUSED_VARIABLE = YES;
				IPHONEOS_DEPLOYMENT_TARGET = 17.2;
				LOCALIZATION_PREFERS_STRING_CATALOGS = YES;
				MTL_ENABLE_DEBUG_INFO = INCLUDE_SOURCE;
				MTL_FAST_MATH = YES;
				ONLY_ACTIVE_ARCH = YES;
				SDKROOT = iphoneos;
				SWIFT_ACTIVE_COMPILATION_CONDITIONS = "DEBUG $(inherited)";
				SWIFT_OPTIMIZATION_LEVEL = "-Onone";
			};
			name = Debug;
		};
		CE23E2F32E3C4A7600C23C4B /* Release */ = {
			isa = XCBuildConfiguration;
			buildSettings = {
				ALWAYS_SEARCH_USER_PATHS = NO;
				ASSETCATALOG_COMPILER_GENERATE_SWIFT_ASSET_SYMBOL_EXTENSIONS = YES;
				CLANG_ANALYZER_NONNULL = YES;
				CLANG_ANALYZER_NUMBER_OBJECT_CONVERSION = YES_AGGRESSIVE;
				CLANG_CXX_LANGUAGE_STANDARD = "gnu++20";
				CLANG_ENABLE_MODULES = YES;
				CLANG_ENABLE_OBJC_ARC = YES;
				CLANG_ENABLE_OBJC_WEAK = YES;
				CLANG_WARN_BLOCK_CAPTURE_AUTORELEASING = YES;
				CLANG_WARN_BOOL_CONVERSION = YES;
				CLANG_WARN_COMMA = YES;
				CLANG_WARN_CONSTANT_CONVERSION = YES;
				CLANG_WARN_DEPRECATED_OBJC_IMPLEMENTATIONS = YES;
				CLANG_WARN_DIRECT_OBJC_ISA_USAGE = YES_ERROR;
				CLANG_WARN_DOCUMENTATION_COMMENTS = YES;
				CLANG_WARN_EMPTY_BODY = YES;
				CLANG_WARN_ENUM_CONVERSION = YES;
				CLANG_WARN_INFINITE_RECURSION = YES;
				CLANG_WARN_INT_CONVERSION = YES;
				CLANG_WARN_NON_LITERAL_NULL_CONVERSION = YES;
				CLANG_WARN_OBJC_IMPLICIT_RETAIN_SELF = YES;
				CLANG_WARN_OBJC_LITERAL_CONVERSION = YES;
				CLANG_WARN_OBJC_ROOT_CLASS = YES_ERROR;
				CLANG_WARN_QUOTED_INCLUDE_IN_FRAMEWORK_HEADER = YES;
				CLANG_WARN_RANGE_LOOP_ANALYSIS = YES;
				CLANG_WARN_STRICT_PROTOTYPES = YES;
				CLANG_WARN_SUSPICIOUS_MOVE = YES;
				CLANG_WARN_UNGUARDED_AVAILABILITY = YES_AGGRESSIVE;
				CLANG_WARN_UNREACHABLE_CODE = YES;
				CLANG_WARN__DUPLICATE_METHOD_MATCH = YES;
				COPY_PHASE_STRIP = NO;
				DEBUG_INFORMATION_FORMAT = "dwarf-with-dsym";
				ENABLE_NS_ASSERTIONS = NO;
				ENABLE_STRICT_OBJC_MSGSEND = YES;
				ENABLE_USER_SCRIPT_SANDBOXING = YES;
				GCC_C_LANGUAGE_STANDARD = gnu17;
				GCC_NO_COMMON_BLOCKS = YES;
				GCC_WARN_64_TO_32_BIT_CONVERSION = YES;
				GCC_WARN_ABOUT_RETURN_TYPE = YES_ERROR;
				GCC_WARN_UNDECLARED_SELECTOR = YES;
				GCC_WARN_UNINITIALIZED_AUTOS = YES_AGGRESSIVE;
				GCC_WARN_UNUSED_FUNCTION = YES;
				GCC_WARN_UNUSED_VARIABLE = YES;
				IPHONEOS_DEPLOYMENT_TARGET = 17.2;
				LOCALIZATION_PREFERS_STRING_CATALOGS = YES;
				MTL_ENABLE_DEBUG_INFO = NO;
				MTL_FAST_MATH = YES;
				SDKROOT = iphoneos;
				SWIFT_COMPILATION_MODE = wholemodule;
				VALIDATE_PRODUCT = YES;
			};
			name = Release;
		};
		CE23E2F52E3C4A7600C23C4B /* Debug */ = {
			isa = XCBuildConfiguration;
			buildSettings = {
				ASSETCATALOG_COMPILER_APPICON_NAME = AppIcon;
				ASSETCATALOG_COMPILER_GLOBAL_ACCENT_COLOR_NAME = AccentColor;
				CODE_SIGN_STYLE = Automatic;
				CURRENT_PROJECT_VERSION = 1;
				DEVELOPMENT_ASSET_PATHS = "\"Isaias/Preview Content\"";
				DEVELOPMENT_TEAM = 4KU6NHG927;
				ENABLE_PREVIEWS = YES;
				GENERATE_INFOPLIST_FILE = YES;
				INFOPLIST_KEY_UIApplicationSceneManifest_Generation = YES;
				INFOPLIST_KEY_UIApplicationSupportsIndirectInputEvents = YES;
				INFOPLIST_KEY_UILaunchScreen_Generation = YES;
				INFOPLIST_KEY_UISupportedInterfaceOrientations_iPad = "UIInterfaceOrientationPortrait UIInterfaceOrientationPortraitUpsideDown UIInterfaceOrientationLandscapeLeft UIInterfaceOrientationLandscapeRight";
				INFOPLIST_KEY_UISupportedInterfaceOrientations_iPhone = "UIInterfaceOrientationPortrait UIInterfaceOrientationLandscapeLeft UIInterfaceOrientationLandscapeRight";
				LD_RUNPATH_SEARCH_PATHS = (
					"$(inherited)",
					"@executable_path/Frameworks",
				);
				MARKETING_VERSION = 1.0;
				PRODUCT_BUNDLE_IDENTIFIER = Hyliard.Isaias;
				PRODUCT_NAME = "$(TARGET_NAME)";
				SWIFT_EMIT_LOC_STRINGS = YES;
				SWIFT_VERSION = 5.0;
				TARGETED_DEVICE_FAMILY = "1,2";
			};
			name = Debug;
		};
		CE23E2F62E3C4A7600C23C4B /* Release */ = {
			isa = XCBuildConfiguration;
			buildSettings = {
				ASSETCATALOG_COMPILER_APPICON_NAME = AppIcon;
				ASSETCATALOG_COMPILER_GLOBAL_ACCENT_COLOR_NAME = AccentColor;
				CODE_SIGN_STYLE = Automatic;
				CURRENT_PROJECT_VERSION = 1;
				DEVELOPMENT_ASSET_PATHS = "\"Isaias/Preview Content\"";
				DEVELOPMENT_TEAM = 4KU6NHG927;
				ENABLE_PREVIEWS = YES;
				GENERATE_INFOPLIST_FILE = YES;
				INFOPLIST_KEY_UIApplicationSceneManifest_Generation = YES;
				INFOPLIST_KEY_UIApplicationSupportsIndirectInputEvents = YES;
				INFOPLIST_KEY_UILaunchScreen_Generation = YES;
				INFOPLIST_KEY_UISupportedInterfaceOrientations_iPad = "UIInterfaceOrientationPortrait UIInterfaceOrientationPortraitUpsideDown UIInterfaceOrientationLandscapeLeft UIInterfaceOrientationLandscapeRight";
				INFOPLIST_KEY_UISupportedInterfaceOrientations_iPhone = "UIInterfaceOrientationPortrait UIInterfaceOrientationLandscapeLeft UIInterfaceOrientationLandscapeRight";
				LD_RUNPATH_SEARCH_PATHS = (
					"$(inherited)",
					"@executable_path/Frameworks",
				);
				MARKETING_VERSION = 1.0;
				PRODUCT_BUNDLE_IDENTIFIER = Hyliard.Isaias;
				PRODUCT_NAME = "$(TARGET_NAME)";
				SWIFT_EMIT_LOC_STRINGS = YES;
				SWIFT_VERSION = 5.0;
				TARGETED_DEVICE_FAMILY = "1,2";
			};
			name = Release;
		};
/* End XCBuildConfiguration section */

/* Begin XCConfigurationList section */
		CE23E2E12E3C4A6F00C23C4B /* Build configuration list for PBXProject "Isaias" */ = {
			isa = XCConfigurationList;
			buildConfigurations = (
				CE23E2F22E3C4A7600C23C4B /* Debug */,
				CE23E2F32E3C4A7600C23C4B /* Release */,
			);
			defaultConfigurationIsVisible = 0;
			defaultConfigurationName = Release;
		};
		CE23E2F42E3C4A7600C23C4B /* Build configuration list for PBXNativeTarget "Isaias" */ = {
			isa = XCConfigurationList;
			buildConfigurations = (
				CE23E2F52E3C4A7600C23C4B /* Debug */,
				CE23E2F62E3C4A7600C23C4B /* Release */,
			);
			defaultConfigurationIsVisible = 0;
			defaultConfigurationName = Release;
		};
/* End XCConfigurationList section */
	};
	rootObject = CE23E2DE2E3C4A6F00C23C4B /* Project object */;
}
